
Microsoft Visual Studio Solution File, Format Version 12.00
Project("{FAE04EC0-301F-11D3-BF4B-00C04F79EFBC}") = "BMI", "BMI\BMI.csproj", "{AFF96A60-03C9-463D-AF34-FB0E8C97862F}"
EndProject
Project("{FAE04EC0-301F-11D3-BF4B-00C04F79EFBC}") = "BMI.Test", "BMI.Test\BMI.Test.csproj", "{E760F980-F448-44C3-924F-4DA6695A3042}"
EndProject
Project("{FAE04EC0-301F-11D3-BF4B-00C04F79EFBC}") = "Parse", "Parse\Parse.csproj", "{D60FA20B-DCFD-4648-A916-26FAEBBF3248}"
EndProject
Project("{FAE04EC0-301F-11D3-BF4B-00C04F79EFBC}") = "AppConfig", "AppConfig\AppConfig.csproj", "{02F3724C-07C3-4202-A830-1ABCAC147BFB}"
EndProject
Project("{FAE04EC0-301F-11D3-BF4B-00C04F79EFBC}") = "LookupExtension", "LookupExtension\LookupExtension.csproj", "{E5C54995-E32B-413C-9CDC-D1EE19663D02}"
EndProject
Project("{FAE04EC0-301F-11D3-BF4B-00C04F79EFBC}") = "MapExtension", "MapExtension\MapExtension.csproj", "{933462D1-CC3D-408D-8A41-637AEAA758E2}"
EndProject
Project("{FAE04EC0-301F-11D3-BF4B-00C04F79EFBC}") = "AbstractFactory", "AbstractFactory\AbstractFactory.csproj", "{8ED626A6-C13A-4B4F-8FD7-DDD218C3C1E5}"
EndProject
Global
	GlobalSection(SolutionConfigurationPlatforms) = preSolution
		Debug|Any CPU = Debug|Any CPU
		Release|Any CPU = Release|Any CPU
	EndGlobalSection
	GlobalSection(ProjectConfigurationPlatforms) = postSolution
		{AFF96A60-03C9-463D-AF34-FB0E8C97862F}.Debug|Any CPU.ActiveCfg = Debug|Any CPU
		{AFF96A60-03C9-463D-AF34-FB0E8C97862F}.Debug|Any CPU.Build.0 = Debug|Any CPU
		{AFF96A60-03C9-463D-AF34-FB0E8C97862F}.Release|Any CPU.ActiveCfg = Release|Any CPU
		{AFF96A60-03C9-463D-AF34-FB0E8C97862F}.Release|Any CPU.Build.0 = Release|Any CPU
		{E760F980-F448-44C3-924F-4DA6695A3042}.Debug|Any CPU.ActiveCfg = Debug|Any CPU
		{E760F980-F448-44C3-924F-4DA6695A3042}.Debug|Any CPU.Build.0 = Debug|Any CPU
		{E760F980-F448-44C3-924F-4DA6695A3042}.Release|Any CPU.ActiveCfg = Release|Any CPU
		{E760F980-F448-44C3-924F-4DA6695A3042}.Release|Any CPU.Build.0 = Release|Any CPU
		{D60FA20B-DCFD-4648-A916-26FAEBBF3248}.Debug|Any CPU.ActiveCfg = Debug|Any CPU
		{D60FA20B-DCFD-4648-A916-26FAEBBF3248}.Debug|Any CPU.Build.0 = Debug|Any CPU
		{D60FA20B-DCFD-4648-A916-26FAEBBF3248}.Release|Any CPU.ActiveCfg = Release|Any CPU
		{D60FA20B-DCFD-4648-A916-26FAEBBF3248}.Release|Any CPU.Build.0 = Release|Any CPU
		{02F3724C-07C3-4202-A830-1ABCAC147BFB}.Debug|Any CPU.ActiveCfg = Debug|Any CPU
		{02F3724C-07C3-4202-A830-1ABCAC147BFB}.Debug|Any CPU.Build.0 = Debug|Any CPU
		{02F3724C-07C3-4202-A830-1ABCAC147BFB}.Release|Any CPU.ActiveCfg = Release|Any CPU
		{02F3724C-07C3-4202-A830-1ABCAC147BFB}.Release|Any CPU.Build.0 = Release|Any CPU
		{E5C54995-E32B-413C-9CDC-D1EE19663D02}.Debug|Any CPU.ActiveCfg = Debug|Any CPU
		{E5C54995-E32B-413C-9CDC-D1EE19663D02}.Debug|Any CPU.Build.0 = Debug|Any CPU
		{E5C54995-E32B-413C-9CDC-D1EE19663D02}.Release|Any CPU.ActiveCfg = Release|Any CPU
		{E5C54995-E32B-413C-9CDC-D1EE19663D02}.Release|Any CPU.Build.0 = Release|Any CPU
		{933462D1-CC3D-408D-8A41-637AEAA758E2}.Debug|Any CPU.ActiveCfg = Debug|Any CPU
		{933462D1-CC3D-408D-8A41-637AEAA758E2}.Debug|Any CPU.Build.0 = Debug|Any CPU
		{933462D1-CC3D-408D-8A41-637AEAA758E2}.Release|Any CPU.ActiveCfg = Release|Any CPU
		{933462D1-CC3D-408D-8A41-637AEAA758E2}.Release|Any CPU.Build.0 = Release|Any CPU
		{8ED626A6-C13A-4B4F-8FD7-DDD218C3C1E5}.Debug|Any CPU.ActiveCfg = Debug|Any CPU
		{8ED626A6-C13A-4B4F-8FD7-DDD218C3C1E5}.Debug|Any CPU.Build.0 = Debug|Any CPU
		{8ED626A6-C13A-4B4F-8FD7-DDD218C3C1E5}.Release|Any CPU.ActiveCfg = Release|Any CPU
		{8ED626A6-C13A-4B4F-8FD7-DDD218C3C1E5}.Release|Any CPU.Build.0 = Release|Any CPU
	EndGlobalSection
EndGlobal
