
Microsoft Visual Studio Solution File, Format Version 12.00
Project("{FAE04EC0-301F-11D3-BF4B-00C04F79EFBC}") = "GenOne", "GenOne\GenOne.csproj", "{DBE033DF-A009-4F6C-9D09-B838F6A3A6EF}"
EndProject
Project("{FAE04EC0-301F-11D3-BF4B-00C04F79EFBC}") = "GenTwo", "GenTwo\GenTwo.csproj", "{6498F1C1-5EC1-44B4-9DC5-2F7566F9DD64}"
EndProject
Project("{FAE04EC0-301F-11D3-BF4B-00C04F79EFBC}") = "GenThree", "GenThree\GenThree.csproj", "{5AF77CF5-A8FB-4C65-A7EA-8EC411B3EB84}"
EndProject
Project("{FAE04EC0-301F-11D3-BF4B-00C04F79EFBC}") = "GenFour", "GenFour\GenFour.csproj", "{3E93EFFA-4675-4B2C-A64E-32A7A0714EB0}"
EndProject
Project("{FAE04EC0-301F-11D3-BF4B-00C04F79EFBC}") = "GenFive", "GenFive\GenFive.csproj", "{EB331769-6F0A-423E-BCCB-A80193B15CC8}"
EndProject
Project("{FAE04EC0-301F-11D3-BF4B-00C04F79EFBC}") = "GenSix", "GenSix\GenSix.csproj", "{DA322407-1B75-4850-993C-2B43F130A4E6}"
EndProject
Project("{FAE04EC0-301F-11D3-BF4B-00C04F79EFBC}") = "Reflection", "Reflection\Reflection.csproj", "{4A5931FC-68EE-4581-B859-C359D26B11CF}"
EndProject
Global
	GlobalSection(SolutionConfigurationPlatforms) = preSolution
		Debug|Any CPU = Debug|Any CPU
		Release|Any CPU = Release|Any CPU
	EndGlobalSection
	GlobalSection(ProjectConfigurationPlatforms) = postSolution
		{DBE033DF-A009-4F6C-9D09-B838F6A3A6EF}.Debug|Any CPU.ActiveCfg = Debug|Any CPU
		{DBE033DF-A009-4F6C-9D09-B838F6A3A6EF}.Debug|Any CPU.Build.0 = Debug|Any CPU
		{DBE033DF-A009-4F6C-9D09-B838F6A3A6EF}.Release|Any CPU.ActiveCfg = Release|Any CPU
		{DBE033DF-A009-4F6C-9D09-B838F6A3A6EF}.Release|Any CPU.Build.0 = Release|Any CPU
		{6498F1C1-5EC1-44B4-9DC5-2F7566F9DD64}.Debug|Any CPU.ActiveCfg = Debug|Any CPU
		{6498F1C1-5EC1-44B4-9DC5-2F7566F9DD64}.Debug|Any CPU.Build.0 = Debug|Any CPU
		{6498F1C1-5EC1-44B4-9DC5-2F7566F9DD64}.Release|Any CPU.ActiveCfg = Release|Any CPU
		{6498F1C1-5EC1-44B4-9DC5-2F7566F9DD64}.Release|Any CPU.Build.0 = Release|Any CPU
		{5AF77CF5-A8FB-4C65-A7EA-8EC411B3EB84}.Debug|Any CPU.ActiveCfg = Debug|Any CPU
		{5AF77CF5-A8FB-4C65-A7EA-8EC411B3EB84}.Debug|Any CPU.Build.0 = Debug|Any CPU
		{5AF77CF5-A8FB-4C65-A7EA-8EC411B3EB84}.Release|Any CPU.ActiveCfg = Release|Any CPU
		{5AF77CF5-A8FB-4C65-A7EA-8EC411B3EB84}.Release|Any CPU.Build.0 = Release|Any CPU
		{3E93EFFA-4675-4B2C-A64E-32A7A0714EB0}.Debug|Any CPU.ActiveCfg = Debug|Any CPU
		{3E93EFFA-4675-4B2C-A64E-32A7A0714EB0}.Debug|Any CPU.Build.0 = Debug|Any CPU
		{3E93EFFA-4675-4B2C-A64E-32A7A0714EB0}.Release|Any CPU.ActiveCfg = Release|Any CPU
		{3E93EFFA-4675-4B2C-A64E-32A7A0714EB0}.Release|Any CPU.Build.0 = Release|Any CPU
		{EB331769-6F0A-423E-BCCB-A80193B15CC8}.Debug|Any CPU.ActiveCfg = Debug|Any CPU
		{EB331769-6F0A-423E-BCCB-A80193B15CC8}.Debug|Any CPU.Build.0 = Debug|Any CPU
		{EB331769-6F0A-423E-BCCB-A80193B15CC8}.Release|Any CPU.ActiveCfg = Release|Any CPU
		{EB331769-6F0A-423E-BCCB-A80193B15CC8}.Release|Any CPU.Build.0 = Release|Any CPU
		{DA322407-1B75-4850-993C-2B43F130A4E6}.Debug|Any CPU.ActiveCfg = Debug|Any CPU
		{DA322407-1B75-4850-993C-2B43F130A4E6}.Debug|Any CPU.Build.0 = Debug|Any CPU
		{DA322407-1B75-4850-993C-2B43F130A4E6}.Release|Any CPU.ActiveCfg = Release|Any CPU
		{DA322407-1B75-4850-993C-2B43F130A4E6}.Release|Any CPU.Build.0 = Release|Any CPU
		{4A5931FC-68EE-4581-B859-C359D26B11CF}.Debug|Any CPU.ActiveCfg = Debug|Any CPU
		{4A5931FC-68EE-4581-B859-C359D26B11CF}.Debug|Any CPU.Build.0 = Debug|Any CPU
		{4A5931FC-68EE-4581-B859-C359D26B11CF}.Release|Any CPU.ActiveCfg = Release|Any CPU
		{4A5931FC-68EE-4581-B859-C359D26B11CF}.Release|Any CPU.Build.0 = Release|Any CPU
	EndGlobalSection
EndGlobal
