
Microsoft Visual Studio Solution File, Format Version 12.00
Project("{FAE04EC0-301F-11D3-BF4B-00C04F79EFBC}") = "Parallel01", "Parallel01\Parallel01.csproj", "{96E74D51-67C7-40C1-8B1C-09E7717BB2B9}"
EndProject
Project("{FAE04EC0-301F-11D3-BF4B-00C04F79EFBC}") = "Parallel02", "Parallel02\Parallel02.csproj", "{DE7517F1-991C-45C5-BBA1-17DB0CB4B62F}"
EndProject
Project("{FAE04EC0-301F-11D3-BF4B-00C04F79EFBC}") = "Parallel03", "Parallel03\Parallel03.csproj", "{5A3E85B5-0D69-421D-AD91-8ACE4BACDFBF}"
EndProject
Project("{FAE04EC0-301F-11D3-BF4B-00C04F79EFBC}") = "Parallel04", "Parallel04\Parallel04.csproj", "{F5234A51-2EA4-44F2-95DB-6212560D0D2D}"
EndProject
Project("{FAE04EC0-301F-11D3-BF4B-00C04F79EFBC}") = "Parallel05", "Parallel05\Parallel05.csproj", "{1FFDE667-84A8-446E-85B6-2E1DE3263006}"
EndProject
Project("{FAE04EC0-301F-11D3-BF4B-00C04F79EFBC}") = "Parallel06", "Parallel06\Parallel06.csproj", "{FD36E51E-E452-40CB-97A5-0A93753CABAF}"
EndProject
Project("{FAE04EC0-301F-11D3-BF4B-00C04F79EFBC}") = "Parallel07", "Parallel07\Parallel07.csproj", "{499C4BE9-16EF-4167-9470-E926AE7D238D}"
EndProject
Project("{FAE04EC0-301F-11D3-BF4B-00C04F79EFBC}") = "Parallel08", "Parallel08\Parallel08.csproj", "{B2BCC96A-8B4A-4CE5-9AAC-D0BA9089B355}"
EndProject
Global
	GlobalSection(SolutionConfigurationPlatforms) = preSolution
		Debug|Any CPU = Debug|Any CPU
		Release|Any CPU = Release|Any CPU
	EndGlobalSection
	GlobalSection(ProjectConfigurationPlatforms) = postSolution
		{96E74D51-67C7-40C1-8B1C-09E7717BB2B9}.Debug|Any CPU.ActiveCfg = Debug|Any CPU
		{96E74D51-67C7-40C1-8B1C-09E7717BB2B9}.Debug|Any CPU.Build.0 = Debug|Any CPU
		{96E74D51-67C7-40C1-8B1C-09E7717BB2B9}.Release|Any CPU.ActiveCfg = Release|Any CPU
		{96E74D51-67C7-40C1-8B1C-09E7717BB2B9}.Release|Any CPU.Build.0 = Release|Any CPU
		{DE7517F1-991C-45C5-BBA1-17DB0CB4B62F}.Debug|Any CPU.ActiveCfg = Debug|Any CPU
		{DE7517F1-991C-45C5-BBA1-17DB0CB4B62F}.Debug|Any CPU.Build.0 = Debug|Any CPU
		{DE7517F1-991C-45C5-BBA1-17DB0CB4B62F}.Release|Any CPU.ActiveCfg = Release|Any CPU
		{DE7517F1-991C-45C5-BBA1-17DB0CB4B62F}.Release|Any CPU.Build.0 = Release|Any CPU
		{5A3E85B5-0D69-421D-AD91-8ACE4BACDFBF}.Debug|Any CPU.ActiveCfg = Debug|Any CPU
		{5A3E85B5-0D69-421D-AD91-8ACE4BACDFBF}.Debug|Any CPU.Build.0 = Debug|Any CPU
		{5A3E85B5-0D69-421D-AD91-8ACE4BACDFBF}.Release|Any CPU.ActiveCfg = Release|Any CPU
		{5A3E85B5-0D69-421D-AD91-8ACE4BACDFBF}.Release|Any CPU.Build.0 = Release|Any CPU
		{F5234A51-2EA4-44F2-95DB-6212560D0D2D}.Debug|Any CPU.ActiveCfg = Debug|Any CPU
		{F5234A51-2EA4-44F2-95DB-6212560D0D2D}.Debug|Any CPU.Build.0 = Debug|Any CPU
		{F5234A51-2EA4-44F2-95DB-6212560D0D2D}.Release|Any CPU.ActiveCfg = Release|Any CPU
		{F5234A51-2EA4-44F2-95DB-6212560D0D2D}.Release|Any CPU.Build.0 = Release|Any CPU
		{1FFDE667-84A8-446E-85B6-2E1DE3263006}.Debug|Any CPU.ActiveCfg = Debug|Any CPU
		{1FFDE667-84A8-446E-85B6-2E1DE3263006}.Debug|Any CPU.Build.0 = Debug|Any CPU
		{1FFDE667-84A8-446E-85B6-2E1DE3263006}.Release|Any CPU.ActiveCfg = Release|Any CPU
		{1FFDE667-84A8-446E-85B6-2E1DE3263006}.Release|Any CPU.Build.0 = Release|Any CPU
		{FD36E51E-E452-40CB-97A5-0A93753CABAF}.Debug|Any CPU.ActiveCfg = Debug|Any CPU
		{FD36E51E-E452-40CB-97A5-0A93753CABAF}.Debug|Any CPU.Build.0 = Debug|Any CPU
		{FD36E51E-E452-40CB-97A5-0A93753CABAF}.Release|Any CPU.ActiveCfg = Release|Any CPU
		{FD36E51E-E452-40CB-97A5-0A93753CABAF}.Release|Any CPU.Build.0 = Release|Any CPU
		{499C4BE9-16EF-4167-9470-E926AE7D238D}.Debug|Any CPU.ActiveCfg = Debug|Any CPU
		{499C4BE9-16EF-4167-9470-E926AE7D238D}.Debug|Any CPU.Build.0 = Debug|Any CPU
		{499C4BE9-16EF-4167-9470-E926AE7D238D}.Release|Any CPU.ActiveCfg = Release|Any CPU
		{499C4BE9-16EF-4167-9470-E926AE7D238D}.Release|Any CPU.Build.0 = Release|Any CPU
		{B2BCC96A-8B4A-4CE5-9AAC-D0BA9089B355}.Debug|Any CPU.ActiveCfg = Debug|Any CPU
		{B2BCC96A-8B4A-4CE5-9AAC-D0BA9089B355}.Debug|Any CPU.Build.0 = Debug|Any CPU
		{B2BCC96A-8B4A-4CE5-9AAC-D0BA9089B355}.Release|Any CPU.ActiveCfg = Release|Any CPU
		{B2BCC96A-8B4A-4CE5-9AAC-D0BA9089B355}.Release|Any CPU.Build.0 = Release|Any CPU
	EndGlobalSection
EndGlobal
