
Microsoft Visual Studio Solution File, Format Version 12.00
Project("{FAE04EC0-301F-11D3-BF4B-00C04F79EFBC}") = "Nullable", "Nullable\Nullable.csproj", "{E4D4A627-6357-48BC-B955-58D075FC80A3}"
EndProject
Project("{FAE04EC0-301F-11D3-BF4B-00C04F79EFBC}") = "PropertiesExample", "PropertiesExample\PropertiesExample.csproj", "{B07C12FC-4BFE-41E6-82C6-1307962A68E0}"
EndProject
Project("{FAE04EC0-301F-11D3-BF4B-00C04F79EFBC}") = "Arrays", "Arrays\Arrays.csproj", "{60F2BFB5-6315-4C01-8B00-66305F81E95B}"
EndProject
Project("{FAE04EC0-301F-11D3-BF4B-00C04F79EFBC}") = "Enums", "Enums\Enums.csproj", "{DD113185-9E15-4771-B859-5E9ACFCA96D0}"
EndProject
Project("{FAE04EC0-301F-11D3-BF4B-00C04F79EFBC}") = "SimpleGenerics", "SimpleGenerics\SimpleGenerics.csproj", "{04925B1F-08D2-4C62-B9FB-E4B27AAB2465}"
EndProject
Project("{FAE04EC0-301F-11D3-BF4B-00C04F79EFBC}") = "GenericConstraints", "GenericConstraints\GenericConstraints.csproj", "{448F5AB7-E04A-42B4-BBB4-D72C937E7A84}"
EndProject
Project("{FAE04EC0-301F-11D3-BF4B-00C04F79EFBC}") = "GenericMultipleConstraints", "GenericMultipleConstraints\GenericMultipleConstraints.csproj", "{112EB77D-1828-4690-B01A-CD4869AD03C0}"
EndProject
Project("{FAE04EC0-301F-11D3-BF4B-00C04F79EFBC}") = "GenericDelegateConstraints", "GenericDelegateConstraints\GenericDelegateConstraints.csproj", "{D82FFDAE-75C4-4FFC-9CF7-25281D81A7C6}"
EndProject
Global
	GlobalSection(SolutionConfigurationPlatforms) = preSolution
		Debug|Any CPU = Debug|Any CPU
		Release|Any CPU = Release|Any CPU
	EndGlobalSection
	GlobalSection(ProjectConfigurationPlatforms) = postSolution
		{E4D4A627-6357-48BC-B955-58D075FC80A3}.Debug|Any CPU.ActiveCfg = Debug|Any CPU
		{E4D4A627-6357-48BC-B955-58D075FC80A3}.Debug|Any CPU.Build.0 = Debug|Any CPU
		{E4D4A627-6357-48BC-B955-58D075FC80A3}.Release|Any CPU.ActiveCfg = Release|Any CPU
		{E4D4A627-6357-48BC-B955-58D075FC80A3}.Release|Any CPU.Build.0 = Release|Any CPU
		{B07C12FC-4BFE-41E6-82C6-1307962A68E0}.Debug|Any CPU.ActiveCfg = Debug|Any CPU
		{B07C12FC-4BFE-41E6-82C6-1307962A68E0}.Debug|Any CPU.Build.0 = Debug|Any CPU
		{B07C12FC-4BFE-41E6-82C6-1307962A68E0}.Release|Any CPU.ActiveCfg = Release|Any CPU
		{B07C12FC-4BFE-41E6-82C6-1307962A68E0}.Release|Any CPU.Build.0 = Release|Any CPU
		{60F2BFB5-6315-4C01-8B00-66305F81E95B}.Debug|Any CPU.ActiveCfg = Debug|Any CPU
		{60F2BFB5-6315-4C01-8B00-66305F81E95B}.Debug|Any CPU.Build.0 = Debug|Any CPU
		{60F2BFB5-6315-4C01-8B00-66305F81E95B}.Release|Any CPU.ActiveCfg = Release|Any CPU
		{60F2BFB5-6315-4C01-8B00-66305F81E95B}.Release|Any CPU.Build.0 = Release|Any CPU
		{DD113185-9E15-4771-B859-5E9ACFCA96D0}.Debug|Any CPU.ActiveCfg = Debug|Any CPU
		{DD113185-9E15-4771-B859-5E9ACFCA96D0}.Debug|Any CPU.Build.0 = Debug|Any CPU
		{DD113185-9E15-4771-B859-5E9ACFCA96D0}.Release|Any CPU.ActiveCfg = Release|Any CPU
		{DD113185-9E15-4771-B859-5E9ACFCA96D0}.Release|Any CPU.Build.0 = Release|Any CPU
		{04925B1F-08D2-4C62-B9FB-E4B27AAB2465}.Debug|Any CPU.ActiveCfg = Debug|Any CPU
		{04925B1F-08D2-4C62-B9FB-E4B27AAB2465}.Debug|Any CPU.Build.0 = Debug|Any CPU
		{04925B1F-08D2-4C62-B9FB-E4B27AAB2465}.Release|Any CPU.ActiveCfg = Release|Any CPU
		{04925B1F-08D2-4C62-B9FB-E4B27AAB2465}.Release|Any CPU.Build.0 = Release|Any CPU
		{448F5AB7-E04A-42B4-BBB4-D72C937E7A84}.Debug|Any CPU.ActiveCfg = Debug|Any CPU
		{448F5AB7-E04A-42B4-BBB4-D72C937E7A84}.Debug|Any CPU.Build.0 = Debug|Any CPU
		{448F5AB7-E04A-42B4-BBB4-D72C937E7A84}.Release|Any CPU.ActiveCfg = Release|Any CPU
		{448F5AB7-E04A-42B4-BBB4-D72C937E7A84}.Release|Any CPU.Build.0 = Release|Any CPU
		{112EB77D-1828-4690-B01A-CD4869AD03C0}.Debug|Any CPU.ActiveCfg = Debug|Any CPU
		{112EB77D-1828-4690-B01A-CD4869AD03C0}.Debug|Any CPU.Build.0 = Debug|Any CPU
		{112EB77D-1828-4690-B01A-CD4869AD03C0}.Release|Any CPU.ActiveCfg = Release|Any CPU
		{112EB77D-1828-4690-B01A-CD4869AD03C0}.Release|Any CPU.Build.0 = Release|Any CPU
		{D82FFDAE-75C4-4FFC-9CF7-25281D81A7C6}.Debug|Any CPU.ActiveCfg = Debug|Any CPU
		{D82FFDAE-75C4-4FFC-9CF7-25281D81A7C6}.Debug|Any CPU.Build.0 = Debug|Any CPU
		{D82FFDAE-75C4-4FFC-9CF7-25281D81A7C6}.Release|Any CPU.ActiveCfg = Release|Any CPU
		{D82FFDAE-75C4-4FFC-9CF7-25281D81A7C6}.Release|Any CPU.Build.0 = Release|Any CPU
	EndGlobalSection
EndGlobal
