
Microsoft Visual Studio Solution File, Format Version 12.00
Project("{FAE04EC0-301F-11D3-BF4B-00C04F79EFBC}") = "trees", "trees\trees.csproj", "{FA9C1230-F6DC-47AD-A30D-77BB08F17167}"
EndProject
Project("{FAE04EC0-301F-11D3-BF4B-00C04F79EFBC}") = "linkedlists", "linkedlists\linkedlists.csproj", "{32CA6C51-FEF7-4D24-82B6-8747C5A5913C}"
EndProject
Project("{FAE04EC0-301F-11D3-BF4B-00C04F79EFBC}") = "bst", "bst\bst.csproj", "{8B17202E-9B3F-4E80-A589-8237F2A145C1}"
EndProject
Global
	GlobalSection(SolutionConfigurationPlatforms) = preSolution
		Debug|Any CPU = Debug|Any CPU
		Release|Any CPU = Release|Any CPU
	EndGlobalSection
	GlobalSection(ProjectConfigurationPlatforms) = postSolution
		{FA9C1230-F6DC-47AD-A30D-77BB08F17167}.Debug|Any CPU.ActiveCfg = Debug|Any CPU
		{FA9C1230-F6DC-47AD-A30D-77BB08F17167}.Debug|Any CPU.Build.0 = Debug|Any CPU
		{FA9C1230-F6DC-47AD-A30D-77BB08F17167}.Release|Any CPU.ActiveCfg = Release|Any CPU
		{FA9C1230-F6DC-47AD-A30D-77BB08F17167}.Release|Any CPU.Build.0 = Release|Any CPU
		{32CA6C51-FEF7-4D24-82B6-8747C5A5913C}.Debug|Any CPU.ActiveCfg = Debug|Any CPU
		{32CA6C51-FEF7-4D24-82B6-8747C5A5913C}.Debug|Any CPU.Build.0 = Debug|Any CPU
		{32CA6C51-FEF7-4D24-82B6-8747C5A5913C}.Release|Any CPU.ActiveCfg = Release|Any CPU
		{32CA6C51-FEF7-4D24-82B6-8747C5A5913C}.Release|Any CPU.Build.0 = Release|Any CPU
		{8B17202E-9B3F-4E80-A589-8237F2A145C1}.Debug|Any CPU.ActiveCfg = Debug|Any CPU
		{8B17202E-9B3F-4E80-A589-8237F2A145C1}.Debug|Any CPU.Build.0 = Debug|Any CPU
		{8B17202E-9B3F-4E80-A589-8237F2A145C1}.Release|Any CPU.ActiveCfg = Release|Any CPU
		{8B17202E-9B3F-4E80-A589-8237F2A145C1}.Release|Any CPU.Build.0 = Release|Any CPU
	EndGlobalSection
EndGlobal
