
Microsoft Visual Studio Solution File, Format Version 12.00
Project("{FAE04EC0-301F-11D3-BF4B-00C04F79EFBC}") = "Trees", "Trees\Trees.csproj", "{BA074C7F-189C-4C55-9D1E-7DA7F37C1DCB}"
EndProject
Project("{FAE04EC0-301F-11D3-BF4B-00C04F79EFBC}") = "QuickSort", "QuickSort\QuickSort.csproj", "{8E2DAB7E-94E7-4D22-9C36-67579836558F}"
EndProject
Project("{FAE04EC0-301F-11D3-BF4B-00C04F79EFBC}") = "BankAccount", "BankAccount\BankAccount.csproj", "{7DB418B4-4E8E-4843-BE3D-8985FCAF25FC}"
EndProject
Project("{FAE04EC0-301F-11D3-BF4B-00C04F79EFBC}") = "SRP", "SRP\SRP.csproj", "{91AC6014-A13F-484E-A820-01369C84F419}"
EndProject
Project("{FAE04EC0-301F-11D3-BF4B-00C04F79EFBC}") = "OCP", "OCP\OCP.csproj", "{63A181ED-890C-4A8F-876B-1CAA7B36524B}"
EndProject
Project("{FAE04EC0-301F-11D3-BF4B-00C04F79EFBC}") = "OCP-revised", "OCP-revised\OCP-revised.csproj", "{4D06BD4B-2C40-4B37-9E7C-71BB9A07AC9C}"
EndProject
Project("{FAE04EC0-301F-11D3-BF4B-00C04F79EFBC}") = "LSP", "LSP\LSP.csproj", "{EC3363D1-139C-4385-A69B-9D732DA37A27}"
EndProject
Project("{FAE04EC0-301F-11D3-BF4B-00C04F79EFBC}") = "LSP-revised", "LSP-revised\LSP-revised.csproj", "{EEE50D9B-2632-427A-A2FF-988A5B7DC6DC}"
EndProject
Project("{FAE04EC0-301F-11D3-BF4B-00C04F79EFBC}") = "Constructors", "Constructors\Constructors.csproj", "{5EDBA773-6E44-4D90-B9E2-0FB5B72E4F4B}"
EndProject
Global
	GlobalSection(SolutionConfigurationPlatforms) = preSolution
		Debug|Any CPU = Debug|Any CPU
		Release|Any CPU = Release|Any CPU
	EndGlobalSection
	GlobalSection(ProjectConfigurationPlatforms) = postSolution
		{BA074C7F-189C-4C55-9D1E-7DA7F37C1DCB}.Debug|Any CPU.ActiveCfg = Debug|Any CPU
		{BA074C7F-189C-4C55-9D1E-7DA7F37C1DCB}.Debug|Any CPU.Build.0 = Debug|Any CPU
		{BA074C7F-189C-4C55-9D1E-7DA7F37C1DCB}.Release|Any CPU.ActiveCfg = Release|Any CPU
		{BA074C7F-189C-4C55-9D1E-7DA7F37C1DCB}.Release|Any CPU.Build.0 = Release|Any CPU
		{8E2DAB7E-94E7-4D22-9C36-67579836558F}.Debug|Any CPU.ActiveCfg = Debug|Any CPU
		{8E2DAB7E-94E7-4D22-9C36-67579836558F}.Debug|Any CPU.Build.0 = Debug|Any CPU
		{8E2DAB7E-94E7-4D22-9C36-67579836558F}.Release|Any CPU.ActiveCfg = Release|Any CPU
		{8E2DAB7E-94E7-4D22-9C36-67579836558F}.Release|Any CPU.Build.0 = Release|Any CPU
		{7DB418B4-4E8E-4843-BE3D-8985FCAF25FC}.Debug|Any CPU.ActiveCfg = Debug|Any CPU
		{7DB418B4-4E8E-4843-BE3D-8985FCAF25FC}.Debug|Any CPU.Build.0 = Debug|Any CPU
		{7DB418B4-4E8E-4843-BE3D-8985FCAF25FC}.Release|Any CPU.ActiveCfg = Release|Any CPU
		{7DB418B4-4E8E-4843-BE3D-8985FCAF25FC}.Release|Any CPU.Build.0 = Release|Any CPU
		{91AC6014-A13F-484E-A820-01369C84F419}.Debug|Any CPU.ActiveCfg = Debug|Any CPU
		{91AC6014-A13F-484E-A820-01369C84F419}.Debug|Any CPU.Build.0 = Debug|Any CPU
		{91AC6014-A13F-484E-A820-01369C84F419}.Release|Any CPU.ActiveCfg = Release|Any CPU
		{91AC6014-A13F-484E-A820-01369C84F419}.Release|Any CPU.Build.0 = Release|Any CPU
		{63A181ED-890C-4A8F-876B-1CAA7B36524B}.Debug|Any CPU.ActiveCfg = Debug|Any CPU
		{63A181ED-890C-4A8F-876B-1CAA7B36524B}.Debug|Any CPU.Build.0 = Debug|Any CPU
		{63A181ED-890C-4A8F-876B-1CAA7B36524B}.Release|Any CPU.ActiveCfg = Release|Any CPU
		{63A181ED-890C-4A8F-876B-1CAA7B36524B}.Release|Any CPU.Build.0 = Release|Any CPU
		{4D06BD4B-2C40-4B37-9E7C-71BB9A07AC9C}.Debug|Any CPU.ActiveCfg = Debug|Any CPU
		{4D06BD4B-2C40-4B37-9E7C-71BB9A07AC9C}.Debug|Any CPU.Build.0 = Debug|Any CPU
		{4D06BD4B-2C40-4B37-9E7C-71BB9A07AC9C}.Release|Any CPU.ActiveCfg = Release|Any CPU
		{4D06BD4B-2C40-4B37-9E7C-71BB9A07AC9C}.Release|Any CPU.Build.0 = Release|Any CPU
		{EC3363D1-139C-4385-A69B-9D732DA37A27}.Debug|Any CPU.ActiveCfg = Debug|Any CPU
		{EC3363D1-139C-4385-A69B-9D732DA37A27}.Debug|Any CPU.Build.0 = Debug|Any CPU
		{EC3363D1-139C-4385-A69B-9D732DA37A27}.Release|Any CPU.ActiveCfg = Release|Any CPU
		{EC3363D1-139C-4385-A69B-9D732DA37A27}.Release|Any CPU.Build.0 = Release|Any CPU
		{EEE50D9B-2632-427A-A2FF-988A5B7DC6DC}.Debug|Any CPU.ActiveCfg = Debug|Any CPU
		{EEE50D9B-2632-427A-A2FF-988A5B7DC6DC}.Debug|Any CPU.Build.0 = Debug|Any CPU
		{EEE50D9B-2632-427A-A2FF-988A5B7DC6DC}.Release|Any CPU.ActiveCfg = Release|Any CPU
		{EEE50D9B-2632-427A-A2FF-988A5B7DC6DC}.Release|Any CPU.Build.0 = Release|Any CPU
		{5EDBA773-6E44-4D90-B9E2-0FB5B72E4F4B}.Debug|Any CPU.ActiveCfg = Debug|Any CPU
		{5EDBA773-6E44-4D90-B9E2-0FB5B72E4F4B}.Debug|Any CPU.Build.0 = Debug|Any CPU
		{5EDBA773-6E44-4D90-B9E2-0FB5B72E4F4B}.Release|Any CPU.ActiveCfg = Release|Any CPU
		{5EDBA773-6E44-4D90-B9E2-0FB5B72E4F4B}.Release|Any CPU.Build.0 = Release|Any CPU
	EndGlobalSection
EndGlobal
