
Microsoft Visual Studio Solution File, Format Version 12.00
Project("{FAE04EC0-301F-11D3-BF4B-00C04F79EFBC}") = "Trees", "Trees\Trees.csproj", "{BA074C7F-189C-4C55-9D1E-7DA7F37C1DCB}"
EndProject
Global
	GlobalSection(SolutionConfigurationPlatforms) = preSolution
		Debug|Any CPU = Debug|Any CPU
		Release|Any CPU = Release|Any CPU
	EndGlobalSection
	GlobalSection(ProjectConfigurationPlatforms) = postSolution
		{BA074C7F-189C-4C55-9D1E-7DA7F37C1DCB}.Debug|Any CPU.ActiveCfg = Debug|Any CPU
		{BA074C7F-189C-4C55-9D1E-7DA7F37C1DCB}.Debug|Any CPU.Build.0 = Debug|Any CPU
		{BA074C7F-189C-4C55-9D1E-7DA7F37C1DCB}.Release|Any CPU.ActiveCfg = Release|Any CPU
		{BA074C7F-189C-4C55-9D1E-7DA7F37C1DCB}.Release|Any CPU.Build.0 = Release|Any CPU
	EndGlobalSection
EndGlobal
